PODS:
  - KMNavigationBarTransition (0.0.9)
  - RDVTabBarController (1.1.9)
  - ReactiveCocoa (2.1.8):
    - ReactiveCocoa/Core (= 2.1.8)
    - ReactiveCocoa/no-arc (= 2.1.8)
  - ReactiveCocoa/Core (2.1.8):
    - ReactiveCocoa/no-arc
  - ReactiveCocoa/no-arc (2.1.8)
  - UIImage-Categories (1.0.1)
  - XcodeCoverage (1.3.0)

DEPENDENCIES:
  - KMNavigationBarTransition (~> 0.0.4)
  - RDVTabBarController (~> 1.1.8)
  - ReactiveCocoa (= 2.1.8)
  - UIImage-Categories (from `https://github.com/Bupterambition/UIImage-Categories.git`)
  - XcodeCoverage

EXTERNAL SOURCES:
  UIImage-Categories:
    :git: https://github.com/Bupterambition/UIImage-Categories.git

CHECKOUT OPTIONS:
  UIImage-Categories:
    :commit: 70450851460baa0928a7af31a412e677abf14984
    :git: https://github.com/Bupterambition/UIImage-Categories.git

SPEC CHECKSUMS:
  KMNavigationBarTransition: cc9dce7baa86d054bc9998d9ce6be8b12ae9a961
  RDVTabBarController: 67794f7a7a37f8e32f046f85ac67d06ab92d624a
  ReactiveCocoa: f89f2e009a87951b50321bf9feb958823fcc617e
  UIImage-Categories: 273739f4bcbfe10100ef7a5a52b1eb5248bdd745
  XcodeCoverage: 0ce3700a1ddb548680e7618cb72835a28d95d603

PODFILE CHECKSUM: 3793409ba9d634090dfd5ee56c8df745accdd231

COCOAPODS: 1.0.0
